
Microsoft Visual Studio Solution File, Format Version 12.00
# Visual Studio 15
VisualStudioVersion = 15.0.27130.2024
MinimumVisualStudioVersion = 10.0.40219.1
Project("{FAE04EC0-301F-11D3-BF4B-00C04F79EFBC}") = "TicTacToe", "TicTacToe.csproj", "{325817B0-4C77-420A-8892-A45749042F59}"
EndProject
Project("{FAE04EC0-301F-11D3-BF4B-00C04F79EFBC}") = "TicTacToeTests", "..\TicTacToeTests\TicTacToeTests.csproj", "{E70A186B-70B7-41FD-9588-4784CC43B0C5}"
EndProject
Global
	GlobalSection(SolutionConfigurationPlatforms) = preSolution
		Debug|Any CPU = Debug|Any CPU
		Release|Any CPU = Release|Any CPU
	EndGlobalSection
	GlobalSection(ProjectConfigurationPlatforms) = postSolution
		{325817B0-4C77-420A-8892-A45749042F59}.Debug|Any CPU.ActiveCfg = Debug|Any CPU
		{325817B0-4C77-420A-8892-A45749042F59}.Debug|Any CPU.Build.0 = Debug|Any CPU
		{325817B0-4C77-420A-8892-A45749042F59}.Release|Any CPU.ActiveCfg = Release|Any CPU
		{325817B0-4C77-420A-8892-A45749042F59}.Release|Any CPU.Build.0 = Release|Any CPU
		{E70A186B-70B7-41FD-9588-4784CC43B0C5}.Debug|Any CPU.ActiveCfg = Debug|Any CPU
		{E70A186B-70B7-41FD-9588-4784CC43B0C5}.Debug|Any CPU.Build.0 = Debug|Any CPU
		{E70A186B-70B7-41FD-9588-4784CC43B0C5}.Release|Any CPU.ActiveCfg = Release|Any CPU
		{E70A186B-70B7-41FD-9588-4784CC43B0C5}.Release|Any CPU.Build.0 = Release|Any CPU
	EndGlobalSection
	GlobalSection(SolutionProperties) = preSolution
		HideSolutionNode = FALSE
	EndGlobalSection
	GlobalSection(ExtensibilityGlobals) = postSolution
		SolutionGuid = {A385C125-AEF9-49BE-A597-6D4257542675}
	EndGlobalSection
EndGlobal
